
Microsoft Visual Studio Solution File, Format Version 12.00
# Visual Studio Version 17
VisualStudioVersion = 17.5.002.0
MinimumVisualStudioVersion = 10.0.40219.1
Project("{2150E333-8FDC-42A3-9474-1A3956D46DE8}") = "ProgLanguages", "ProgLanguages", "{ED476266-0987-4150-B4A2-F41CF3F13605}"
EndProject
Project("{2150E333-8FDC-42A3-9474-1A3956D46DE8}") = "Lectures", "Lectures", "{C31A9E07-573E-432F-897A-9278F0303140}"
EndProject
Project("{2150E333-8FDC-42A3-9474-1A3956D46DE8}") = "lesson1", "lesson1", "{289D974B-184B-4C52-AD23-7AE4F90D40D3}"
EndProject
Project("{9A19103F-16F7-4668-BE54-9A1E7A4F7556}") = "task1", "ProgLanguages\Lectures\lesson1\task1\task1.csproj", "{52F64418-8B9D-42DA-9D65-705C3A5B863D}"
EndProject
Project("{9A19103F-16F7-4668-BE54-9A1E7A4F7556}") = "task2", "ProgLanguages\Lectures\lesson1\task2\task2.csproj", "{826EDA04-C3FD-4AD5-91BC-8D894E0540A7}"
EndProject
Project("{9A19103F-16F7-4668-BE54-9A1E7A4F7556}") = "task3", "ProgLanguages\Lectures\lesson1\task3\task3.csproj", "{6CE2E417-DF00-4C95-AEEB-BC271392A3C8}"
EndProject
Project("{9A19103F-16F7-4668-BE54-9A1E7A4F7556}") = "task4", "ProgLanguages\Lectures\lesson1\task4\task4.csproj", "{FF516C57-02DF-4BC7-A9BD-1829BBC2955E}"
EndProject
Project("{9A19103F-16F7-4668-BE54-9A1E7A4F7556}") = "task5", "ProgLanguages\Lectures\lesson1\task5\task5.csproj", "{92E8A74B-6699-4C7C-90F7-D0865ABE160C}"
EndProject
Project("{2150E333-8FDC-42A3-9474-1A3956D46DE8}") = "lesson2", "lesson2", "{F7CFBDC7-9A31-47A4-8A87-0452B8B05576}"
EndProject
Project("{9A19103F-16F7-4668-BE54-9A1E7A4F7556}") = "task1", "ProgLanguages\Lectures\lesson2\task1\task1.csproj", "{1A7DA9D4-DEFC-44E7-A0AC-F5C08121C3D0}"
EndProject
Project("{9A19103F-16F7-4668-BE54-9A1E7A4F7556}") = "task2", "ProgLanguages\Lectures\lesson2\task2\task2.csproj", "{D037395D-3EFC-40B7-85A6-1F962C540110}"
EndProject
Project("{9A19103F-16F7-4668-BE54-9A1E7A4F7556}") = "task3", "ProgLanguages\Lectures\lesson2\task3\task3.csproj", "{2A0C2E52-F0AF-464C-862D-71E014081765}"
EndProject
Project("{9A19103F-16F7-4668-BE54-9A1E7A4F7556}") = "task4", "ProgLanguages\Lectures\lesson2\task4\task4.csproj", "{CD088F54-7228-4EE4-A6FC-36AD04CCB14C}"
EndProject
Project("{2150E333-8FDC-42A3-9474-1A3956D46DE8}") = "lesson3", "lesson3", "{E5E40C7B-2BA4-4BE2-B7A3-22001D2794AC}"
EndProject
Project("{9A19103F-16F7-4668-BE54-9A1E7A4F7556}") = "task1", "ProgLanguages\Lectures\lesson3\task1\task1.csproj", "{3C2ACFD1-79E9-4AF8-8DB2-BCB82410D813}"
EndProject
Project("{9A19103F-16F7-4668-BE54-9A1E7A4F7556}") = "task2", "ProgLanguages\Lectures\lesson3\task2\task2.csproj", "{7EEA2C4A-9BBA-459D-8CE0-B8B24BBF9BF2}"
EndProject
Global
	GlobalSection(SolutionConfigurationPlatforms) = preSolution
		Debug|Any CPU = Debug|Any CPU
		Release|Any CPU = Release|Any CPU
	EndGlobalSection
	GlobalSection(ProjectConfigurationPlatforms) = postSolution
		{52F64418-8B9D-42DA-9D65-705C3A5B863D}.Debug|Any CPU.ActiveCfg = Debug|Any CPU
		{52F64418-8B9D-42DA-9D65-705C3A5B863D}.Debug|Any CPU.Build.0 = Debug|Any CPU
		{52F64418-8B9D-42DA-9D65-705C3A5B863D}.Release|Any CPU.ActiveCfg = Release|Any CPU
		{52F64418-8B9D-42DA-9D65-705C3A5B863D}.Release|Any CPU.Build.0 = Release|Any CPU
		{826EDA04-C3FD-4AD5-91BC-8D894E0540A7}.Debug|Any CPU.ActiveCfg = Debug|Any CPU
		{826EDA04-C3FD-4AD5-91BC-8D894E0540A7}.Debug|Any CPU.Build.0 = Debug|Any CPU
		{826EDA04-C3FD-4AD5-91BC-8D894E0540A7}.Release|Any CPU.ActiveCfg = Release|Any CPU
		{826EDA04-C3FD-4AD5-91BC-8D894E0540A7}.Release|Any CPU.Build.0 = Release|Any CPU
		{6CE2E417-DF00-4C95-AEEB-BC271392A3C8}.Debug|Any CPU.ActiveCfg = Debug|Any CPU
		{6CE2E417-DF00-4C95-AEEB-BC271392A3C8}.Debug|Any CPU.Build.0 = Debug|Any CPU
		{6CE2E417-DF00-4C95-AEEB-BC271392A3C8}.Release|Any CPU.ActiveCfg = Release|Any CPU
		{6CE2E417-DF00-4C95-AEEB-BC271392A3C8}.Release|Any CPU.Build.0 = Release|Any CPU
		{FF516C57-02DF-4BC7-A9BD-1829BBC2955E}.Debug|Any CPU.ActiveCfg = Debug|Any CPU
		{FF516C57-02DF-4BC7-A9BD-1829BBC2955E}.Debug|Any CPU.Build.0 = Debug|Any CPU
		{FF516C57-02DF-4BC7-A9BD-1829BBC2955E}.Release|Any CPU.ActiveCfg = Release|Any CPU
		{FF516C57-02DF-4BC7-A9BD-1829BBC2955E}.Release|Any CPU.Build.0 = Release|Any CPU
		{92E8A74B-6699-4C7C-90F7-D0865ABE160C}.Debug|Any CPU.ActiveCfg = Debug|Any CPU
		{92E8A74B-6699-4C7C-90F7-D0865ABE160C}.Debug|Any CPU.Build.0 = Debug|Any CPU
		{92E8A74B-6699-4C7C-90F7-D0865ABE160C}.Release|Any CPU.ActiveCfg = Release|Any CPU
		{92E8A74B-6699-4C7C-90F7-D0865ABE160C}.Release|Any CPU.Build.0 = Release|Any CPU
		{1A7DA9D4-DEFC-44E7-A0AC-F5C08121C3D0}.Debug|Any CPU.ActiveCfg = Debug|Any CPU
		{1A7DA9D4-DEFC-44E7-A0AC-F5C08121C3D0}.Debug|Any CPU.Build.0 = Debug|Any CPU
		{1A7DA9D4-DEFC-44E7-A0AC-F5C08121C3D0}.Release|Any CPU.ActiveCfg = Release|Any CPU
		{1A7DA9D4-DEFC-44E7-A0AC-F5C08121C3D0}.Release|Any CPU.Build.0 = Release|Any CPU
		{D037395D-3EFC-40B7-85A6-1F962C540110}.Debug|Any CPU.ActiveCfg = Debug|Any CPU
		{D037395D-3EFC-40B7-85A6-1F962C540110}.Debug|Any CPU.Build.0 = Debug|Any CPU
		{D037395D-3EFC-40B7-85A6-1F962C540110}.Release|Any CPU.ActiveCfg = Release|Any CPU
		{D037395D-3EFC-40B7-85A6-1F962C540110}.Release|Any CPU.Build.0 = Release|Any CPU
		{2A0C2E52-F0AF-464C-862D-71E014081765}.Debug|Any CPU.ActiveCfg = Debug|Any CPU
		{2A0C2E52-F0AF-464C-862D-71E014081765}.Debug|Any CPU.Build.0 = Debug|Any CPU
		{2A0C2E52-F0AF-464C-862D-71E014081765}.Release|Any CPU.ActiveCfg = Release|Any CPU
		{2A0C2E52-F0AF-464C-862D-71E014081765}.Release|Any CPU.Build.0 = Release|Any CPU
		{CD088F54-7228-4EE4-A6FC-36AD04CCB14C}.Debug|Any CPU.ActiveCfg = Debug|Any CPU
		{CD088F54-7228-4EE4-A6FC-36AD04CCB14C}.Debug|Any CPU.Build.0 = Debug|Any CPU
		{CD088F54-7228-4EE4-A6FC-36AD04CCB14C}.Release|Any CPU.ActiveCfg = Release|Any CPU
		{CD088F54-7228-4EE4-A6FC-36AD04CCB14C}.Release|Any CPU.Build.0 = Release|Any CPU
		{3C2ACFD1-79E9-4AF8-8DB2-BCB82410D813}.Debug|Any CPU.ActiveCfg = Debug|Any CPU
		{3C2ACFD1-79E9-4AF8-8DB2-BCB82410D813}.Debug|Any CPU.Build.0 = Debug|Any CPU
		{3C2ACFD1-79E9-4AF8-8DB2-BCB82410D813}.Release|Any CPU.ActiveCfg = Release|Any CPU
		{3C2ACFD1-79E9-4AF8-8DB2-BCB82410D813}.Release|Any CPU.Build.0 = Release|Any CPU
		{7EEA2C4A-9BBA-459D-8CE0-B8B24BBF9BF2}.Debug|Any CPU.ActiveCfg = Debug|Any CPU
		{7EEA2C4A-9BBA-459D-8CE0-B8B24BBF9BF2}.Debug|Any CPU.Build.0 = Debug|Any CPU
		{7EEA2C4A-9BBA-459D-8CE0-B8B24BBF9BF2}.Release|Any CPU.ActiveCfg = Release|Any CPU
		{7EEA2C4A-9BBA-459D-8CE0-B8B24BBF9BF2}.Release|Any CPU.Build.0 = Release|Any CPU
	EndGlobalSection
	GlobalSection(SolutionProperties) = preSolution
		HideSolutionNode = FALSE
	EndGlobalSection
	GlobalSection(NestedProjects) = preSolution
		{C31A9E07-573E-432F-897A-9278F0303140} = {ED476266-0987-4150-B4A2-F41CF3F13605}
		{289D974B-184B-4C52-AD23-7AE4F90D40D3} = {C31A9E07-573E-432F-897A-9278F0303140}
		{52F64418-8B9D-42DA-9D65-705C3A5B863D} = {289D974B-184B-4C52-AD23-7AE4F90D40D3}
		{826EDA04-C3FD-4AD5-91BC-8D894E0540A7} = {289D974B-184B-4C52-AD23-7AE4F90D40D3}
		{6CE2E417-DF00-4C95-AEEB-BC271392A3C8} = {289D974B-184B-4C52-AD23-7AE4F90D40D3}
		{FF516C57-02DF-4BC7-A9BD-1829BBC2955E} = {289D974B-184B-4C52-AD23-7AE4F90D40D3}
		{92E8A74B-6699-4C7C-90F7-D0865ABE160C} = {289D974B-184B-4C52-AD23-7AE4F90D40D3}
		{F7CFBDC7-9A31-47A4-8A87-0452B8B05576} = {C31A9E07-573E-432F-897A-9278F0303140}
		{1A7DA9D4-DEFC-44E7-A0AC-F5C08121C3D0} = {F7CFBDC7-9A31-47A4-8A87-0452B8B05576}
		{D037395D-3EFC-40B7-85A6-1F962C540110} = {F7CFBDC7-9A31-47A4-8A87-0452B8B05576}
		{2A0C2E52-F0AF-464C-862D-71E014081765} = {F7CFBDC7-9A31-47A4-8A87-0452B8B05576}
		{CD088F54-7228-4EE4-A6FC-36AD04CCB14C} = {F7CFBDC7-9A31-47A4-8A87-0452B8B05576}
		{E5E40C7B-2BA4-4BE2-B7A3-22001D2794AC} = {C31A9E07-573E-432F-897A-9278F0303140}
		{3C2ACFD1-79E9-4AF8-8DB2-BCB82410D813} = {E5E40C7B-2BA4-4BE2-B7A3-22001D2794AC}
		{7EEA2C4A-9BBA-459D-8CE0-B8B24BBF9BF2} = {E5E40C7B-2BA4-4BE2-B7A3-22001D2794AC}
	EndGlobalSection
	GlobalSection(ExtensibilityGlobals) = postSolution
		SolutionGuid = {75583AF0-89EF-4E6B-A352-4E2BFAB155A8}
	EndGlobalSection
EndGlobal
